// !$*UTF8*$!
{
	archiveVersion = 1;
	classes = {
	};
	objectVersion = 56;
	objects = {

/* Begin PBXBuildFile section */
		390C6BFF29746E3100754A4C /* AppDelegate.swift in Sources */ = {isa = PBXBuildFile; fileRef = 390C6BFE29746E3100754A4C /* AppDelegate.swift */; };
		390C6C0129746E3100754A4C /* SceneDelegate.swift in Sources */ = {isa = PBXBuildFile; fileRef = 390C6C0029746E3100754A4C /* SceneDelegate.swift */; };
		390C6C0329746E3100754A4C /* RMTabBarController.swift in Sources */ = {isa = PBXBuildFile; fileRef = 390C6C0229746E3100754A4C /* RMTabBarController.swift */; };
		390C6C0829746E3300754A4C /* Assets.xcassets in Resources */ = {isa = PBXBuildFile; fileRef = 390C6C0729746E3300754A4C /* Assets.xcassets */; };
		390C6C0B29746E3300754A4C /* LaunchScreen.storyboard in Resources */ = {isa = PBXBuildFile; fileRef = 390C6C0929746E3300754A4C /* LaunchScreen.storyboard */; };
		390C6C1A297471AE00754A4C /* RMLocation.swift in Sources */ = {isa = PBXBuildFile; fileRef = 390C6C19297471AE00754A4C /* RMLocation.swift */; };
		390C6C1C297471CE00754A4C /* RMCharacter.swift in Sources */ = {isa = PBXBuildFile; fileRef = 390C6C1B297471CE00754A4C /* RMCharacter.swift */; };
		390C6C1E297471E200754A4C /* RMEpisode.swift in Sources */ = {isa = PBXBuildFile; fileRef = 390C6C1D297471E200754A4C /* RMEpisode.swift */; };
		390C6C22297472C700754A4C /* RMCharacterViewController.swift in Sources */ = {isa = PBXBuildFile; fileRef = 390C6C21297472C700754A4C /* RMCharacterViewController.swift */; };
		390C6C24297472D700754A4C /* RMLocationViewController.swift in Sources */ = {isa = PBXBuildFile; fileRef = 390C6C23297472D700754A4C /* RMLocationViewController.swift */; };
		390C6C26297472E500754A4C /* RMEpisodeViewController.swift in Sources */ = {isa = PBXBuildFile; fileRef = 390C6C25297472E500754A4C /* RMEpisodeViewController.swift */; };
		390C6C28297472F900754A4C /* RMSettingsViewController.swift in Sources */ = {isa = PBXBuildFile; fileRef = 390C6C27297472F900754A4C /* RMSettingsViewController.swift */; };
		398EB6BA2979A6350023874D /* RMService.swift in Sources */ = {isa = PBXBuildFile; fileRef = 398EB6B92979A6350023874D /* RMService.swift */; };
		398EB6BC2979A6600023874D /* RMRequest.swift in Sources */ = {isa = PBXBuildFile; fileRef = 398EB6BB2979A6600023874D /* RMRequest.swift */; };
		398EB6BE2979A76F0023874D /* RMEndpoint.swift in Sources */ = {isa = PBXBuildFile; fileRef = 398EB6BD2979A76F0023874D /* RMEndpoint.swift */; };
		398EB6C22979AE310023874D /* RMCharacterStatus.swift in Sources */ = {isa = PBXBuildFile; fileRef = 398EB6C12979AE310023874D /* RMCharacterStatus.swift */; };
		398EB6C42979AE9D0023874D /* RMSingleLocation.swift in Sources */ = {isa = PBXBuildFile; fileRef = 398EB6C32979AE9D0023874D /* RMSingleLocation.swift */; };
		398EB6C62979AECE0023874D /* RMCharacterGender.swift in Sources */ = {isa = PBXBuildFile; fileRef = 398EB6C52979AECE0023874D /* RMCharacterGender.swift */; };
		39B6506C299523CC0051DA6E /* Extensions.swift in Sources */ = {isa = PBXBuildFile; fileRef = 39B6506B299523CC0051DA6E /* Extensions.swift */; };
		39FCC91829941FA60021FC86 /* RMGetAllCharactersResponse.swift in Sources */ = {isa = PBXBuildFile; fileRef = 39FCC91729941FA60021FC86 /* RMGetAllCharactersResponse.swift */; };
		39FCC91A299428FF0021FC86 /* CharacterListViewViewModel.swift in Sources */ = {isa = PBXBuildFile; fileRef = 39FCC919299428FF0021FC86 /* CharacterListViewViewModel.swift */; };
		39FCC91C299429C50021FC86 /* CharacterListView.swift in Sources */ = {isa = PBXBuildFile; fileRef = 39FCC91B299429C50021FC86 /* CharacterListView.swift */; };
/* End PBXBuildFile section */

/* Begin PBXFileReference section */
		390C6BFB29746E3100754A4C /* RickAndMorty.app */ = {isa = PBXFileReference; explicitFileType = wrapper.application; includeInIndex = 0; path = RickAndMorty.app; sourceTree = BUILT_PRODUCTS_DIR; };
		390C6BFE29746E3100754A4C /* AppDelegate.swift */ = {isa = PBXFileReference; lastKnownFileType = sourcecode.swift; path = AppDelegate.swift; sourceTree = "<group>"; };
		390C6C0029746E3100754A4C /* SceneDelegate.swift */ = {isa = PBXFileReference; lastKnownFileType = sourcecode.swift; path = SceneDelegate.swift; sourceTree = "<group>"; };
		390C6C0229746E3100754A4C /* RMTabBarController.swift */ = {isa = PBXFileReference; lastKnownFileType = sourcecode.swift; path = RMTabBarController.swift; sourceTree = "<group>"; };
		390C6C0729746E3300754A4C /* Assets.xcassets */ = {isa = PBXFileReference; lastKnownFileType = folder.assetcatalog; path = Assets.xcassets; sourceTree = "<group>"; };
		390C6C0A29746E3300754A4C /* Base */ = {isa = PBXFileReference; lastKnownFileType = file.storyboard; name = Base; path = Base.lproj/LaunchScreen.storyboard; sourceTree = "<group>"; };
		390C6C0C29746E3300754A4C /* Info.plist */ = {isa = PBXFileReference; lastKnownFileType = text.plist.xml; path = Info.plist; sourceTree = "<group>"; };
		390C6C19297471AE00754A4C /* RMLocation.swift */ = {isa = PBXFileReference; lastKnownFileType = sourcecode.swift; path = RMLocation.swift; sourceTree = "<group>"; };
		390C6C1B297471CE00754A4C /* RMCharacter.swift */ = {isa = PBXFileReference; lastKnownFileType = sourcecode.swift; path = RMCharacter.swift; sourceTree = "<group>"; };
		390C6C1D297471E200754A4C /* RMEpisode.swift */ = {isa = PBXFileReference; lastKnownFileType = sourcecode.swift; path = RMEpisode.swift; sourceTree = "<group>"; };
		390C6C21297472C700754A4C /* RMCharacterViewController.swift */ = {isa = PBXFileReference; lastKnownFileType = sourcecode.swift; path = RMCharacterViewController.swift; sourceTree = "<group>"; };
		390C6C23297472D700754A4C /* RMLocationViewController.swift */ = {isa = PBXFileReference; lastKnownFileType = sourcecode.swift; path = RMLocationViewController.swift; sourceTree = "<group>"; };
		390C6C25297472E500754A4C /* RMEpisodeViewController.swift */ = {isa = PBXFileReference; lastKnownFileType = sourcecode.swift; path = RMEpisodeViewController.swift; sourceTree = "<group>"; };
		390C6C27297472F900754A4C /* RMSettingsViewController.swift */ = {isa = PBXFileReference; lastKnownFileType = sourcecode.swift; path = RMSettingsViewController.swift; sourceTree = "<group>"; };
		398EB6B92979A6350023874D /* RMService.swift */ = {isa = PBXFileReference; lastKnownFileType = sourcecode.swift; path = RMService.swift; sourceTree = "<group>"; };
		398EB6BB2979A6600023874D /* RMRequest.swift */ = {isa = PBXFileReference; lastKnownFileType = sourcecode.swift; path = RMRequest.swift; sourceTree = "<group>"; };
		398EB6BD2979A76F0023874D /* RMEndpoint.swift */ = {isa = PBXFileReference; lastKnownFileType = sourcecode.swift; path = RMEndpoint.swift; sourceTree = "<group>"; };
		398EB6C12979AE310023874D /* RMCharacterStatus.swift */ = {isa = PBXFileReference; lastKnownFileType = sourcecode.swift; path = RMCharacterStatus.swift; sourceTree = "<group>"; };
		398EB6C32979AE9D0023874D /* RMSingleLocation.swift */ = {isa = PBXFileReference; lastKnownFileType = sourcecode.swift; path = RMSingleLocation.swift; sourceTree = "<group>"; };
		398EB6C52979AECE0023874D /* RMCharacterGender.swift */ = {isa = PBXFileReference; lastKnownFileType = sourcecode.swift; path = RMCharacterGender.swift; sourceTree = "<group>"; };
		39B6506B299523CC0051DA6E /* Extensions.swift */ = {isa = PBXFileReference; lastKnownFileType = sourcecode.swift; path = Extensions.swift; sourceTree = "<group>"; };
		39FCC91729941FA60021FC86 /* RMGetAllCharactersResponse.swift */ = {isa = PBXFileReference; lastKnownFileType = sourcecode.swift; path = RMGetAllCharactersResponse.swift; sourceTree = "<group>"; };
		39FCC919299428FF0021FC86 /* CharacterListViewViewModel.swift */ = {isa = PBXFileReference; lastKnownFileType = sourcecode.swift; path = CharacterListViewViewModel.swift; sourceTree = "<group>"; };
		39FCC91B299429C50021FC86 /* CharacterListView.swift */ = {isa = PBXFileReference; lastKnownFileType = sourcecode.swift; path = CharacterListView.swift; sourceTree = "<group>"; };
/* End PBXFileReference section */

/* Begin PBXFrameworksBuildPhase section */
		390C6BF829746E3100754A4C /* Frameworks */ = {
			isa = PBXFrameworksBuildPhase;
			buildActionMask = 2147483647;
			files = (
			);
			runOnlyForDeploymentPostprocessing = 0;
		};
/* End PBXFrameworksBuildPhase section */

/* Begin PBXGroup section */
		390C6BF229746E3100754A4C = {
			isa = PBXGroup;
			children = (
				390C6BFD29746E3100754A4C /* RickAndMorty */,
				390C6BFC29746E3100754A4C /* Products */,
			);
			sourceTree = "<group>";
		};
		390C6BFC29746E3100754A4C /* Products */ = {
			isa = PBXGroup;
			children = (
				390C6BFB29746E3100754A4C /* RickAndMorty.app */,
			);
			name = Products;
			sourceTree = "<group>";
		};
		390C6BFD29746E3100754A4C /* RickAndMorty */ = {
			isa = PBXGroup;
			children = (
				390C6C18297470CB00754A4C /* Resources */,
				390C6C17297470B900754A4C /* Managers */,
				390C6C162974709300754A4C /* APIClient */,
				390C6C152974707C00754A4C /* ViewModel */,
				390C6C142974706B00754A4C /* View */,
				390C6C132974706000754A4C /* Model */,
				390C6C122974704300754A4C /* Controlles */,
				390C6C0C29746E3300754A4C /* Info.plist */,
			);
			path = RickAndMorty;
			sourceTree = "<group>";
		};
		390C6C122974704300754A4C /* Controlles */ = {
			isa = PBXGroup;
			children = (
				390C6C1F2974725800754A4C /* Core */,
			);
			path = Controlles;
			sourceTree = "<group>";
		};
		390C6C132974706000754A4C /* Model */ = {
			isa = PBXGroup;
			children = (
				39FCC91629941F7A0021FC86 /* APIResponseTypes */,
				39FCC91529941F570021FC86 /* DataTypes */,
			);
			path = Model;
			sourceTree = "<group>";
		};
		390C6C142974706B00754A4C /* View */ = {
			isa = PBXGroup;
			children = (
				39FCC91B299429C50021FC86 /* CharacterListView.swift */,
			);
			path = View;
			sourceTree = "<group>";
		};
		390C6C152974707C00754A4C /* ViewModel */ = {
			isa = PBXGroup;
			children = (
				39FCC919299428FF0021FC86 /* CharacterListViewViewModel.swift */,
			);
			path = ViewModel;
			sourceTree = "<group>";
		};
		390C6C162974709300754A4C /* APIClient */ = {
			isa = PBXGroup;
			children = (
				398EB6B92979A6350023874D /* RMService.swift */,
				398EB6BB2979A6600023874D /* RMRequest.swift */,
				398EB6BD2979A76F0023874D /* RMEndpoint.swift */,
			);
			path = APIClient;
			sourceTree = "<group>";
		};
		390C6C17297470B900754A4C /* Managers */ = {
			isa = PBXGroup;
			children = (
			);
			path = Managers;
			sourceTree = "<group>";
		};
		390C6C18297470CB00754A4C /* Resources */ = {
			isa = PBXGroup;
			children = (
				390C6BFE29746E3100754A4C /* AppDelegate.swift */,
				390C6C0729746E3300754A4C /* Assets.xcassets */,
				390C6C0929746E3300754A4C /* LaunchScreen.storyboard */,
				390C6C0029746E3100754A4C /* SceneDelegate.swift */,
				39B6506B299523CC0051DA6E /* Extensions.swift */,
			);
			path = Resources;
			sourceTree = "<group>";
		};
		390C6C1F2974725800754A4C /* Core */ = {
			isa = PBXGroup;
			children = (
				390C6C0229746E3100754A4C /* RMTabBarController.swift */,
				390C6C21297472C700754A4C /* RMCharacterViewController.swift */,
				390C6C23297472D700754A4C /* RMLocationViewController.swift */,
				390C6C25297472E500754A4C /* RMEpisodeViewController.swift */,
				390C6C27297472F900754A4C /* RMSettingsViewController.swift */,
			);
			path = Core;
			sourceTree = "<group>";
		};
		398EB6BF2979AE020023874D /* RMCharacter */ = {
			isa = PBXGroup;
			children = (
				390C6C1B297471CE00754A4C /* RMCharacter.swift */,
				398EB6C12979AE310023874D /* RMCharacterStatus.swift */,
				398EB6C32979AE9D0023874D /* RMSingleLocation.swift */,
				398EB6C52979AECE0023874D /* RMCharacterGender.swift */,
			);
			path = RMCharacter;
			sourceTree = "<group>";
		};
		398EB6C82979B17D0023874D /* RMLocation */ = {
			isa = PBXGroup;
			children = (
				390C6C19297471AE00754A4C /* RMLocation.swift */,
			);
			path = RMLocation;
			sourceTree = "<group>";
		};
		398EB6C92979B18C0023874D /* RMEpisode */ = {
			isa = PBXGroup;
			children = (
				390C6C1D297471E200754A4C /* RMEpisode.swift */,
			);
			path = RMEpisode;
			sourceTree = "<group>";
		};
		39FCC91529941F570021FC86 /* DataTypes */ = {
			isa = PBXGroup;
			children = (
				398EB6C92979B18C0023874D /* RMEpisode */,
				398EB6C82979B17D0023874D /* RMLocation */,
				398EB6BF2979AE020023874D /* RMCharacter */,
			);
			path = DataTypes;
			sourceTree = "<group>";
		};
		39FCC91629941F7A0021FC86 /* APIResponseTypes */ = {
			isa = PBXGroup;
			children = (
				39FCC91729941FA60021FC86 /* RMGetAllCharactersResponse.swift */,
			);
			path = APIResponseTypes;
			sourceTree = "<group>";
		};
/* End PBXGroup section */

/* Begin PBXNativeTarget section */
		390C6BFA29746E3100754A4C /* RickAndMorty */ = {
			isa = PBXNativeTarget;
			buildConfigurationList = 390C6C0F29746E3300754A4C /* Build configuration list for PBXNativeTarget "RickAndMorty" */;
			buildPhases = (
				390C6BF729746E3100754A4C /* Sources */,
				390C6BF829746E3100754A4C /* Frameworks */,
				390C6BF929746E3100754A4C /* Resources */,
			);
			buildRules = (
			);
			dependencies = (
			);
			name = RickAndMorty;
			productName = RickAndMorty;
			productReference = 390C6BFB29746E3100754A4C /* RickAndMorty.app */;
			productType = "com.apple.product-type.application";
		};
/* End PBXNativeTarget section */

/* Begin PBXProject section */
		390C6BF329746E3100754A4C /* Project object */ = {
			isa = PBXProject;
			attributes = {
				BuildIndependentTargetsInParallel = 1;
				LastSwiftUpdateCheck = 1410;
				LastUpgradeCheck = 1410;
				TargetAttributes = {
					390C6BFA29746E3100754A4C = {
						CreatedOnToolsVersion = 14.1;
					};
				};
			};
			buildConfigurationList = 390C6BF629746E3100754A4C /* Build configuration list for PBXProject "RickAndMorty" */;
			compatibilityVersion = "Xcode 14.0";
			developmentRegion = en;
			hasScannedForEncodings = 0;
			knownRegions = (
				en,
				Base,
			);
			mainGroup = 390C6BF229746E3100754A4C;
			productRefGroup = 390C6BFC29746E3100754A4C /* Products */;
			projectDirPath = "";
			projectRoot = "";
			targets = (
				390C6BFA29746E3100754A4C /* RickAndMorty */,
			);
		};
/* End PBXProject section */

/* Begin PBXResourcesBuildPhase section */
		390C6BF929746E3100754A4C /* Resources */ = {
			isa = PBXResourcesBuildPhase;
			buildActionMask = 2147483647;
			files = (
				390C6C0B29746E3300754A4C /* LaunchScreen.storyboard in Resources */,
				390C6C0829746E3300754A4C /* Assets.xcassets in Resources */,
			);
			runOnlyForDeploymentPostprocessing = 0;
		};
/* End PBXResourcesBuildPhase section */

/* Begin PBXSourcesBuildPhase section */
		390C6BF729746E3100754A4C /* Sources */ = {
			isa = PBXSourcesBuildPhase;
			buildActionMask = 2147483647;
			files = (
				398EB6C22979AE310023874D /* RMCharacterStatus.swift in Sources */,
				398EB6C42979AE9D0023874D /* RMSingleLocation.swift in Sources */,
				390C6C24297472D700754A4C /* RMLocationViewController.swift in Sources */,
				398EB6C62979AECE0023874D /* RMCharacterGender.swift in Sources */,
				390C6C1E297471E200754A4C /* RMEpisode.swift in Sources */,
				390C6C0329746E3100754A4C /* RMTabBarController.swift in Sources */,
				390C6C26297472E500754A4C /* RMEpisodeViewController.swift in Sources */,
				39FCC91C299429C50021FC86 /* CharacterListView.swift in Sources */,
				390C6BFF29746E3100754A4C /* AppDelegate.swift in Sources */,
				390C6C0129746E3100754A4C /* SceneDelegate.swift in Sources */,
				390C6C28297472F900754A4C /* RMSettingsViewController.swift in Sources */,
				39FCC91829941FA60021FC86 /* RMGetAllCharactersResponse.swift in Sources */,
				398EB6BA2979A6350023874D /* RMService.swift in Sources */,
				390C6C1A297471AE00754A4C /* RMLocation.swift in Sources */,
				398EB6BE2979A76F0023874D /* RMEndpoint.swift in Sources */,
				39B6506C299523CC0051DA6E /* Extensions.swift in Sources */,
				39FCC91A299428FF0021FC86 /* CharacterListViewViewModel.swift in Sources */,
				390C6C1C297471CE00754A4C /* RMCharacter.swift in Sources */,
				398EB6BC2979A6600023874D /* RMRequest.swift in Sources */,
				390C6C22297472C700754A4C /* RMCharacterViewController.swift in Sources */,
			);
			runOnlyForDeploymentPostprocessing = 0;
		};
/* End PBXSourcesBuildPhase section */

/* Begin PBXVariantGroup section */
		390C6C0929746E3300754A4C /* LaunchScreen.storyboard */ = {
			isa = PBXVariantGroup;
			children = (
				390C6C0A29746E3300754A4C /* Base */,
			);
			name = LaunchScreen.storyboard;
			sourceTree = "<group>";
		};
/* End PBXVariantGroup section */

/* Begin XCBuildConfiguration section */
		390C6C0D29746E3300754A4C /* Debug */ = {
			isa = XCBuildConfiguration;
			buildSettings = {
				ALWAYS_SEARCH_USER_PATHS = NO;
				CLANG_ANALYZER_NONNULL = YES;
				CLANG_ANALYZER_NUMBER_OBJECT_CONVERSION = YES_AGGRESSIVE;
				CLANG_CXX_LANGUAGE_STANDARD = "gnu++20";
				CLANG_ENABLE_MODULES = YES;
				CLANG_ENABLE_OBJC_ARC = YES;
				CLANG_ENABLE_OBJC_WEAK = YES;
				CLANG_WARN_BLOCK_CAPTURE_AUTORELEASING = YES;
				CLANG_WARN_BOOL_CONVERSION = YES;
				CLANG_WARN_COMMA = YES;
				CLANG_WARN_CONSTANT_CONVERSION = YES;
				CLANG_WARN_DEPRECATED_OBJC_IMPLEMENTATIONS = YES;
				CLANG_WARN_DIRECT_OBJC_ISA_USAGE = YES_ERROR;
				CLANG_WARN_DOCUMENTATION_COMMENTS = YES;
				CLANG_WARN_EMPTY_BODY = YES;
				CLANG_WARN_ENUM_CONVERSION = YES;
				CLANG_WARN_INFINITE_RECURSION = YES;
				CLANG_WARN_INT_CONVERSION = YES;
				CLANG_WARN_NON_LITERAL_NULL_CONVERSION = YES;
				CLANG_WARN_OBJC_IMPLICIT_RETAIN_SELF = YES;
				CLANG_WARN_OBJC_LITERAL_CONVERSION = YES;
				CLANG_WARN_OBJC_ROOT_CLASS = YES_ERROR;
				CLANG_WARN_QUOTED_INCLUDE_IN_FRAMEWORK_HEADER = YES;
				CLANG_WARN_RANGE_LOOP_ANALYSIS = YES;
				CLANG_WARN_STRICT_PROTOTYPES = YES;
				CLANG_WARN_SUSPICIOUS_MOVE = YES;
				CLANG_WARN_UNGUARDED_AVAILABILITY = YES_AGGRESSIVE;
				CLANG_WARN_UNREACHABLE_CODE = YES;
				CLANG_WARN__DUPLICATE_METHOD_MATCH = YES;
				COPY_PHASE_STRIP = NO;
				DEBUG_INFORMATION_FORMAT = dwarf;
				ENABLE_STRICT_OBJC_MSGSEND = YES;
				ENABLE_TESTABILITY = YES;
				GCC_C_LANGUAGE_STANDARD = gnu11;
				GCC_DYNAMIC_NO_PIC = NO;
				GCC_NO_COMMON_BLOCKS = YES;
				GCC_OPTIMIZATION_LEVEL = 0;
				GCC_PREPROCESSOR_DEFINITIONS = (
					"DEBUG=1",
					"$(inherited)",
				);
				GCC_WARN_64_TO_32_BIT_CONVERSION = YES;
				GCC_WARN_ABOUT_RETURN_TYPE = YES_ERROR;
				GCC_WARN_UNDECLARED_SELECTOR = YES;
				GCC_WARN_UNINITIALIZED_AUTOS = YES_AGGRESSIVE;
				GCC_WARN_UNUSED_FUNCTION = YES;
				GCC_WARN_UNUSED_VARIABLE = YES;
				IPHONEOS_DEPLOYMENT_TARGET = 16.1;
				MTL_ENABLE_DEBUG_INFO = INCLUDE_SOURCE;
				MTL_FAST_MATH = YES;
				ONLY_ACTIVE_ARCH = YES;
				SDKROOT = iphoneos;
				SWIFT_ACTIVE_COMPILATION_CONDITIONS = DEBUG;
				SWIFT_OPTIMIZATION_LEVEL = "-Onone";
			};
			name = Debug;
		};
		390C6C0E29746E3300754A4C /* Release */ = {
			isa = XCBuildConfiguration;
			buildSettings = {
				ALWAYS_SEARCH_USER_PATHS = NO;
				CLANG_ANALYZER_NONNULL = YES;
				CLANG_ANALYZER_NUMBER_OBJECT_CONVERSION = YES_AGGRESSIVE;
				CLANG_CXX_LANGUAGE_STANDARD = "gnu++20";
				CLANG_ENABLE_MODULES = YES;
				CLANG_ENABLE_OBJC_ARC = YES;
				CLANG_ENABLE_OBJC_WEAK = YES;
				CLANG_WARN_BLOCK_CAPTURE_AUTORELEASING = YES;
				CLANG_WARN_BOOL_CONVERSION = YES;
				CLANG_WARN_COMMA = YES;
				CLANG_WARN_CONSTANT_CONVERSION = YES;
				CLANG_WARN_DEPRECATED_OBJC_IMPLEMENTATIONS = YES;
				CLANG_WARN_DIRECT_OBJC_ISA_USAGE = YES_ERROR;
				CLANG_WARN_DOCUMENTATION_COMMENTS = YES;
				CLANG_WARN_EMPTY_BODY = YES;
				CLANG_WARN_ENUM_CONVERSION = YES;
				CLANG_WARN_INFINITE_RECURSION = YES;
				CLANG_WARN_INT_CONVERSION = YES;
				CLANG_WARN_NON_LITERAL_NULL_CONVERSION = YES;
				CLANG_WARN_OBJC_IMPLICIT_RETAIN_SELF = YES;
				CLANG_WARN_OBJC_LITERAL_CONVERSION = YES;
				CLANG_WARN_OBJC_ROOT_CLASS = YES_ERROR;
				CLANG_WARN_QUOTED_INCLUDE_IN_FRAMEWORK_HEADER = YES;
				CLANG_WARN_RANGE_LOOP_ANALYSIS = YES;
				CLANG_WARN_STRICT_PROTOTYPES = YES;
				CLANG_WARN_SUSPICIOUS_MOVE = YES;
				CLANG_WARN_UNGUARDED_AVAILABILITY = YES_AGGRESSIVE;
				CLANG_WARN_UNREACHABLE_CODE = YES;
				CLANG_WARN__DUPLICATE_METHOD_MATCH = YES;
				COPY_PHASE_STRIP = NO;
				DEBUG_INFORMATION_FORMAT = "dwarf-with-dsym";
				ENABLE_NS_ASSERTIONS = NO;
				ENABLE_STRICT_OBJC_MSGSEND = YES;
				GCC_C_LANGUAGE_STANDARD = gnu11;
				GCC_NO_COMMON_BLOCKS = YES;
				GCC_WARN_64_TO_32_BIT_CONVERSION = YES;
				GCC_WARN_ABOUT_RETURN_TYPE = YES_ERROR;
				GCC_WARN_UNDECLARED_SELECTOR = YES;
				GCC_WARN_UNINITIALIZED_AUTOS = YES_AGGRESSIVE;
				GCC_WARN_UNUSED_FUNCTION = YES;
				GCC_WARN_UNUSED_VARIABLE = YES;
				IPHONEOS_DEPLOYMENT_TARGET = 16.1;
				MTL_ENABLE_DEBUG_INFO = NO;
				MTL_FAST_MATH = YES;
				SDKROOT = iphoneos;
				SWIFT_COMPILATION_MODE = wholemodule;
				SWIFT_OPTIMIZATION_LEVEL = "-O";
				VALIDATE_PRODUCT = YES;
			};
			name = Release;
		};
		390C6C1029746E3300754A4C /* Debug */ = {
			isa = XCBuildConfiguration;
			buildSettings = {
				ASSETCATALOG_COMPILER_APPICON_NAME = AppIcon;
				ASSETCATALOG_COMPILER_GLOBAL_ACCENT_COLOR_NAME = AccentColor;
				CODE_SIGN_STYLE = Automatic;
				CURRENT_PROJECT_VERSION = 1;
				DEVELOPMENT_TEAM = WX7Z7T8KYD;
				GENERATE_INFOPLIST_FILE = YES;
				INFOPLIST_FILE = RickAndMorty/Info.plist;
				INFOPLIST_KEY_UIApplicationSupportsIndirectInputEvents = YES;
				INFOPLIST_KEY_UILaunchStoryboardName = LaunchScreen;
				INFOPLIST_KEY_UISupportedInterfaceOrientations_iPad = "UIInterfaceOrientationPortrait UIInterfaceOrientationPortraitUpsideDown UIInterfaceOrientationLandscapeLeft UIInterfaceOrientationLandscapeRight";
				INFOPLIST_KEY_UISupportedInterfaceOrientations_iPhone = "UIInterfaceOrientationPortrait UIInterfaceOrientationLandscapeLeft UIInterfaceOrientationLandscapeRight";
				LD_RUNPATH_SEARCH_PATHS = (
					"$(inherited)",
					"@executable_path/Frameworks",
				);
				MARKETING_VERSION = 1.0;
				PRODUCT_BUNDLE_IDENTIFIER = Timur.RickAndMorty;
				PRODUCT_NAME = "$(TARGET_NAME)";
				SWIFT_EMIT_LOC_STRINGS = YES;
				SWIFT_VERSION = 5.0;
				TARGETED_DEVICE_FAMILY = "1,2";
			};
			name = Debug;
		};
		390C6C1129746E3300754A4C /* Release */ = {
			isa = XCBuildConfiguration;
			buildSettings = {
				ASSETCATALOG_COMPILER_APPICON_NAME = AppIcon;
				ASSETCATALOG_COMPILER_GLOBAL_ACCENT_COLOR_NAME = AccentColor;
				CODE_SIGN_STYLE = Automatic;
				CURRENT_PROJECT_VERSION = 1;
				DEVELOPMENT_TEAM = WX7Z7T8KYD;
				GENERATE_INFOPLIST_FILE = YES;
				INFOPLIST_FILE = RickAndMorty/Info.plist;
				INFOPLIST_KEY_UIApplicationSupportsIndirectInputEvents = YES;
				INFOPLIST_KEY_UILaunchStoryboardName = LaunchScreen;
				INFOPLIST_KEY_UISupportedInterfaceOrientations_iPad = "UIInterfaceOrientationPortrait UIInterfaceOrientationPortraitUpsideDown UIInterfaceOrientationLandscapeLeft UIInterfaceOrientationLandscapeRight";
				INFOPLIST_KEY_UISupportedInterfaceOrientations_iPhone = "UIInterfaceOrientationPortrait UIInterfaceOrientationLandscapeLeft UIInterfaceOrientationLandscapeRight";
				LD_RUNPATH_SEARCH_PATHS = (
					"$(inherited)",
					"@executable_path/Frameworks",
				);
				MARKETING_VERSION = 1.0;
				PRODUCT_BUNDLE_IDENTIFIER = Timur.RickAndMorty;
				PRODUCT_NAME = "$(TARGET_NAME)";
				SWIFT_EMIT_LOC_STRINGS = YES;
				SWIFT_VERSION = 5.0;
				TARGETED_DEVICE_FAMILY = "1,2";
			};
			name = Release;
		};
/* End XCBuildConfiguration section */

/* Begin XCConfigurationList section */
		390C6BF629746E3100754A4C /* Build configuration list for PBXProject "RickAndMorty" */ = {
			isa = XCConfigurationList;
			buildConfigurations = (
				390C6C0D29746E3300754A4C /* Debug */,
				390C6C0E29746E3300754A4C /* Release */,
			);
			defaultConfigurationIsVisible = 0;
			defaultConfigurationName = Release;
		};
		390C6C0F29746E3300754A4C /* Build configuration list for PBXNativeTarget "RickAndMorty" */ = {
			isa = XCConfigurationList;
			buildConfigurations = (
				390C6C1029746E3300754A4C /* Debug */,
				390C6C1129746E3300754A4C /* Release */,
			);
			defaultConfigurationIsVisible = 0;
			defaultConfigurationName = Release;
		};
/* End XCConfigurationList section */
	};
	rootObject = 390C6BF329746E3100754A4C /* Project object */;
}
